// !$*UTF8*$!
{
	archiveVersion = 1;
	classes = {
	};
	objectVersion = 55;
	objects = {

/* Begin PBXBuildFile section */
		49912BFA282C062600079FD2 /* AppDelegate.swift in Sources */ = {isa = PBXBuildFile; fileRef = 49912BF9282C062600079FD2 /* AppDelegate.swift */; };
		49912BFE282C062600079FD2 /* MainViewController.swift in Sources */ = {isa = PBXBuildFile; fileRef = 49912BFD282C062600079FD2 /* MainViewController.swift */; };
		49912C03282C062800079FD2 /* Assets.xcassets in Resources */ = {isa = PBXBuildFile; fileRef = 49912C02282C062800079FD2 /* Assets.xcassets */; };
		49912C06282C062800079FD2 /* LaunchScreen.storyboard in Resources */ = {isa = PBXBuildFile; fileRef = 49912C04282C062800079FD2 /* LaunchScreen.storyboard */; };
		49912C11282C062800079FD2 /* ListViewModelTests.swift in Sources */ = {isa = PBXBuildFile; fileRef = 49912C10282C062800079FD2 /* ListViewModelTests.swift */; };
		49912C1B282C062800079FD2 /* NumbersUITests.swift in Sources */ = {isa = PBXBuildFile; fileRef = 49912C1A282C062800079FD2 /* NumbersUITests.swift */; };
		49912C1D282C062800079FD2 /* NumbersUITestsLaunchTests.swift in Sources */ = {isa = PBXBuildFile; fileRef = 49912C1C282C062800079FD2 /* NumbersUITestsLaunchTests.swift */; };
		49912C2F282C09D300079FD2 /* AppContainer.swift in Sources */ = {isa = PBXBuildFile; fileRef = 49912C2E282C09D300079FD2 /* AppContainer.swift */; };
		49912C34282C0C3000079FD2 /* NumbersClient.swift in Sources */ = {isa = PBXBuildFile; fileRef = 49912C33282C0C3000079FD2 /* NumbersClient.swift */; };
		49912C36282C0CF800079FD2 /* NumberItem.swift in Sources */ = {isa = PBXBuildFile; fileRef = 49912C35282C0CF800079FD2 /* NumberItem.swift */; };
		49912C38282C0D0B00079FD2 /* NumberDetail.swift in Sources */ = {isa = PBXBuildFile; fileRef = 49912C37282C0D0B00079FD2 /* NumberDetail.swift */; };
		49912C3A282C0DAD00079FD2 /* NumbersClientError.swift in Sources */ = {isa = PBXBuildFile; fileRef = 49912C39282C0DAD00079FD2 /* NumbersClientError.swift */; };
		49912C3C282C0DCA00079FD2 /* NumbersClientLive.swift in Sources */ = {isa = PBXBuildFile; fileRef = 49912C3B282C0DCA00079FD2 /* NumbersClientLive.swift */; };
		49912C3E282C0DDA00079FD2 /* NumbersClientMock.swift in Sources */ = {isa = PBXBuildFile; fileRef = 49912C3D282C0DDA00079FD2 /* NumbersClientMock.swift */; };
		49912C40282C0ECD00079FD2 /* NumbersClientConfig.swift in Sources */ = {isa = PBXBuildFile; fileRef = 49912C3F282C0ECD00079FD2 /* NumbersClientConfig.swift */; };
		49912C4C282C204D00079FD2 /* DetailViewController.swift in Sources */ = {isa = PBXBuildFile; fileRef = 49912C4B282C204D00079FD2 /* DetailViewController.swift */; };
		49912C4E282C205D00079FD2 /* DetailViewModel.swift in Sources */ = {isa = PBXBuildFile; fileRef = 49912C4D282C205D00079FD2 /* DetailViewModel.swift */; };
		49912C5A282C25FE00079FD2 /* ListViewController.swift in Sources */ = {isa = PBXBuildFile; fileRef = 49912C59282C25FE00079FD2 /* ListViewController.swift */; };
		49912C5C282C27B600079FD2 /* ListViewModel.swift in Sources */ = {isa = PBXBuildFile; fileRef = 49912C5B282C27B600079FD2 /* ListViewModel.swift */; };
		49912C5E282C2C4800079FD2 /* ViewController.swift in Sources */ = {isa = PBXBuildFile; fileRef = 49912C5D282C2C4800079FD2 /* ViewController.swift */; };
		49912C64282C2EFA00079FD2 /* ListViewCell.swift in Sources */ = {isa = PBXBuildFile; fileRef = 49912C63282C2EFA00079FD2 /* ListViewCell.swift */; };
		49912C66282C312600079FD2 /* Box.swift in Sources */ = {isa = PBXBuildFile; fileRef = 49912C65282C312600079FD2 /* Box.swift */; };
		49912CA4282D7BD800079FD2 /* SceneDelegate.swift in Sources */ = {isa = PBXBuildFile; fileRef = 49912CA3282D7BD700079FD2 /* SceneDelegate.swift */; };
		49DDF155282DB23D00686B08 /* Reachability.swift in Sources */ = {isa = PBXBuildFile; fileRef = 49DDF154282DB23D00686B08 /* Reachability.swift */; };
/* End PBXBuildFile section */

/* Begin PBXContainerItemProxy section */
		49912C0D282C062800079FD2 /* PBXContainerItemProxy */ = {
			isa = PBXContainerItemProxy;
			containerPortal = 49912BEE282C062600079FD2 /* Project object */;
			proxyType = 1;
			remoteGlobalIDString = 49912BF5282C062600079FD2;
			remoteInfo = Numbers;
		};
		49912C17282C062800079FD2 /* PBXContainerItemProxy */ = {
			isa = PBXContainerItemProxy;
			containerPortal = 49912BEE282C062600079FD2 /* Project object */;
			proxyType = 1;
			remoteGlobalIDString = 49912BF5282C062600079FD2;
			remoteInfo = Numbers;
		};
/* End PBXContainerItemProxy section */

/* Begin PBXFileReference section */
		49912BF6282C062600079FD2 /* Numbers.app */ = {isa = PBXFileReference; explicitFileType = wrapper.application; includeInIndex = 0; path = Numbers.app; sourceTree = BUILT_PRODUCTS_DIR; };
		49912BF9282C062600079FD2 /* AppDelegate.swift */ = {isa = PBXFileReference; lastKnownFileType = sourcecode.swift; path = AppDelegate.swift; sourceTree = "<group>"; };
		49912BFD282C062600079FD2 /* MainViewController.swift */ = {isa = PBXFileReference; lastKnownFileType = sourcecode.swift; path = MainViewController.swift; sourceTree = "<group>"; };
		49912C02282C062800079FD2 /* Assets.xcassets */ = {isa = PBXFileReference; lastKnownFileType = folder.assetcatalog; path = Assets.xcassets; sourceTree = "<group>"; };
		49912C05282C062800079FD2 /* Base */ = {isa = PBXFileReference; lastKnownFileType = file.storyboard; name = Base; path = Base.lproj/LaunchScreen.storyboard; sourceTree = "<group>"; };
		49912C07282C062800079FD2 /* Info.plist */ = {isa = PBXFileReference; lastKnownFileType = text.plist.xml; path = Info.plist; sourceTree = "<group>"; };
		49912C0C282C062800079FD2 /* NumbersTests.xctest */ = {isa = PBXFileReference; explicitFileType = wrapper.cfbundle; includeInIndex = 0; path = NumbersTests.xctest; sourceTree = BUILT_PRODUCTS_DIR; };
		49912C10282C062800079FD2 /* ListViewModelTests.swift */ = {isa = PBXFileReference; lastKnownFileType = sourcecode.swift; path = ListViewModelTests.swift; sourceTree = "<group>"; };
		49912C16282C062800079FD2 /* NumbersUITests.xctest */ = {isa = PBXFileReference; explicitFileType = wrapper.cfbundle; includeInIndex = 0; path = NumbersUITests.xctest; sourceTree = BUILT_PRODUCTS_DIR; };
		49912C1A282C062800079FD2 /* NumbersUITests.swift */ = {isa = PBXFileReference; lastKnownFileType = sourcecode.swift; path = NumbersUITests.swift; sourceTree = "<group>"; };
		49912C1C282C062800079FD2 /* NumbersUITestsLaunchTests.swift */ = {isa = PBXFileReference; lastKnownFileType = sourcecode.swift; path = NumbersUITestsLaunchTests.swift; sourceTree = "<group>"; };
		49912C2E282C09D300079FD2 /* AppContainer.swift */ = {isa = PBXFileReference; lastKnownFileType = sourcecode.swift; path = AppContainer.swift; sourceTree = "<group>"; };
		49912C33282C0C3000079FD2 /* NumbersClient.swift */ = {isa = PBXFileReference; lastKnownFileType = sourcecode.swift; path = NumbersClient.swift; sourceTree = "<group>"; };
		49912C35282C0CF800079FD2 /* NumberItem.swift */ = {isa = PBXFileReference; lastKnownFileType = sourcecode.swift; path = NumberItem.swift; sourceTree = "<group>"; };
		49912C37282C0D0B00079FD2 /* NumberDetail.swift */ = {isa = PBXFileReference; lastKnownFileType = sourcecode.swift; path = NumberDetail.swift; sourceTree = "<group>"; };
		49912C39282C0DAD00079FD2 /* NumbersClientError.swift */ = {isa = PBXFileReference; lastKnownFileType = sourcecode.swift; path = NumbersClientError.swift; sourceTree = "<group>"; };
		49912C3B282C0DCA00079FD2 /* NumbersClientLive.swift */ = {isa = PBXFileReference; lastKnownFileType = sourcecode.swift; path = NumbersClientLive.swift; sourceTree = "<group>"; };
		49912C3D282C0DDA00079FD2 /* NumbersClientMock.swift */ = {isa = PBXFileReference; lastKnownFileType = sourcecode.swift; path = NumbersClientMock.swift; sourceTree = "<group>"; };
		49912C3F282C0ECD00079FD2 /* NumbersClientConfig.swift */ = {isa = PBXFileReference; lastKnownFileType = sourcecode.swift; path = NumbersClientConfig.swift; sourceTree = "<group>"; };
		49912C4B282C204D00079FD2 /* DetailViewController.swift */ = {isa = PBXFileReference; lastKnownFileType = sourcecode.swift; path = DetailViewController.swift; sourceTree = "<group>"; };
		49912C4D282C205D00079FD2 /* DetailViewModel.swift */ = {isa = PBXFileReference; lastKnownFileType = sourcecode.swift; path = DetailViewModel.swift; sourceTree = "<group>"; };
		49912C59282C25FE00079FD2 /* ListViewController.swift */ = {isa = PBXFileReference; lastKnownFileType = sourcecode.swift; path = ListViewController.swift; sourceTree = "<group>"; };
		49912C5B282C27B600079FD2 /* ListViewModel.swift */ = {isa = PBXFileReference; lastKnownFileType = sourcecode.swift; path = ListViewModel.swift; sourceTree = "<group>"; };
		49912C5D282C2C4800079FD2 /* ViewController.swift */ = {isa = PBXFileReference; lastKnownFileType = sourcecode.swift; path = ViewController.swift; sourceTree = "<group>"; };
		49912C63282C2EFA00079FD2 /* ListViewCell.swift */ = {isa = PBXFileReference; lastKnownFileType = sourcecode.swift; path = ListViewCell.swift; sourceTree = "<group>"; };
		49912C65282C312600079FD2 /* Box.swift */ = {isa = PBXFileReference; fileEncoding = 4; lastKnownFileType = sourcecode.swift; path = Box.swift; sourceTree = "<group>"; };
		49912CA3282D7BD700079FD2 /* SceneDelegate.swift */ = {isa = PBXFileReference; fileEncoding = 4; lastKnownFileType = sourcecode.swift; path = SceneDelegate.swift; sourceTree = "<group>"; };
		49DDF154282DB23D00686B08 /* Reachability.swift */ = {isa = PBXFileReference; lastKnownFileType = sourcecode.swift; path = Reachability.swift; sourceTree = "<group>"; };
/* End PBXFileReference section */

/* Begin PBXFrameworksBuildPhase section */
		49912BF3282C062600079FD2 /* Frameworks */ = {
			isa = PBXFrameworksBuildPhase;
			buildActionMask = 2147483647;
			files = (
			);
			runOnlyForDeploymentPostprocessing = 0;
		};
		49912C09282C062800079FD2 /* Frameworks */ = {
			isa = PBXFrameworksBuildPhase;
			buildActionMask = 2147483647;
			files = (
			);
			runOnlyForDeploymentPostprocessing = 0;
		};
		49912C13282C062800079FD2 /* Frameworks */ = {
			isa = PBXFrameworksBuildPhase;
			buildActionMask = 2147483647;
			files = (
			);
			runOnlyForDeploymentPostprocessing = 0;
		};
/* End PBXFrameworksBuildPhase section */

/* Begin PBXGroup section */
		49912BED282C062600079FD2 = {
			isa = PBXGroup;
			children = (
				49912BF8282C062600079FD2 /* Numbers */,
				49912C0F282C062800079FD2 /* NumbersTests */,
				49912C19282C062800079FD2 /* NumbersUITests */,
				49912BF7282C062600079FD2 /* Products */,
			);
			sourceTree = "<group>";
		};
		49912BF7282C062600079FD2 /* Products */ = {
			isa = PBXGroup;
			children = (
				49912BF6282C062600079FD2 /* Numbers.app */,
				49912C0C282C062800079FD2 /* NumbersTests.xctest */,
				49912C16282C062800079FD2 /* NumbersUITests.xctest */,
			);
			name = Products;
			sourceTree = "<group>";
		};
		49912BF8282C062600079FD2 /* Numbers */ = {
			isa = PBXGroup;
			children = (
				49912C2D282C09A800079FD2 /* Resources */,
				49912C2C282C099B00079FD2 /* Storyboards */,
				49912C2B282C098B00079FD2 /* Sources */,
				49912C07282C062800079FD2 /* Info.plist */,
			);
			path = Numbers;
			sourceTree = "<group>";
		};
		49912C0F282C062800079FD2 /* NumbersTests */ = {
			isa = PBXGroup;
			children = (
				49912C10282C062800079FD2 /* ListViewModelTests.swift */,
			);
			path = NumbersTests;
			sourceTree = "<group>";
		};
		49912C19282C062800079FD2 /* NumbersUITests */ = {
			isa = PBXGroup;
			children = (
				49912C1A282C062800079FD2 /* NumbersUITests.swift */,
				49912C1C282C062800079FD2 /* NumbersUITestsLaunchTests.swift */,
			);
			path = NumbersUITests;
			sourceTree = "<group>";
		};
		49912C29282C095D00079FD2 /* View */ = {
			isa = PBXGroup;
			children = (
				49912C56282C25CE00079FD2 /* List */,
				49912C4A282C201C00079FD2 /* Detail */,
				49912C49282C201600079FD2 /* Main */,
				49912C44282C1EE300079FD2 /* Common */,
			);
			path = View;
			sourceTree = "<group>";
		};
		49912C2A282C096E00079FD2 /* API */ = {
			isa = PBXGroup;
			children = (
				49912C33282C0C3000079FD2 /* NumbersClient.swift */,
				49912C39282C0DAD00079FD2 /* NumbersClientError.swift */,
				49912C3B282C0DCA00079FD2 /* NumbersClientLive.swift */,
				49912C3D282C0DDA00079FD2 /* NumbersClientMock.swift */,
				49912C3F282C0ECD00079FD2 /* NumbersClientConfig.swift */,
			);
			path = API;
			sourceTree = "<group>";
		};
		49912C2B282C098B00079FD2 /* Sources */ = {
			isa = PBXGroup;
			children = (
				49912BF9282C062600079FD2 /* AppDelegate.swift */,
				49912C2E282C09D300079FD2 /* AppContainer.swift */,
				49912CA3282D7BD700079FD2 /* SceneDelegate.swift */,
				49912C29282C095D00079FD2 /* View */,
				49912C30282C09EC00079FD2 /* Model */,
				49912C43282C1EA000079FD2 /* Utils */,
				49912C2A282C096E00079FD2 /* API */,
			);
			path = Sources;
			sourceTree = "<group>";
		};
		49912C2C282C099B00079FD2 /* Storyboards */ = {
			isa = PBXGroup;
			children = (
				49912C04282C062800079FD2 /* LaunchScreen.storyboard */,
			);
			path = Storyboards;
			sourceTree = "<group>";
		};
		49912C2D282C09A800079FD2 /* Resources */ = {
			isa = PBXGroup;
			children = (
				49912C02282C062800079FD2 /* Assets.xcassets */,
			);
			path = Resources;
			sourceTree = "<group>";
		};
		49912C30282C09EC00079FD2 /* Model */ = {
			isa = PBXGroup;
			children = (
				49912C35282C0CF800079FD2 /* NumberItem.swift */,
				49912C37282C0D0B00079FD2 /* NumberDetail.swift */,
			);
			path = Model;
			sourceTree = "<group>";
		};
		49912C43282C1EA000079FD2 /* Utils */ = {
			isa = PBXGroup;
			children = (
				49912C65282C312600079FD2 /* Box.swift */,
				49DDF154282DB23D00686B08 /* Reachability.swift */,
			);
			path = Utils;
			sourceTree = "<group>";
		};
		49912C44282C1EE300079FD2 /* Common */ = {
			isa = PBXGroup;
			children = (
				49912C5D282C2C4800079FD2 /* ViewController.swift */,
			);
			path = Common;
			sourceTree = "<group>";
		};
		49912C49282C201600079FD2 /* Main */ = {
			isa = PBXGroup;
			children = (
				49912BFD282C062600079FD2 /* MainViewController.swift */,
			);
			path = Main;
			sourceTree = "<group>";
		};
		49912C4A282C201C00079FD2 /* Detail */ = {
			isa = PBXGroup;
			children = (
				49912C4B282C204D00079FD2 /* DetailViewController.swift */,
				49912C4D282C205D00079FD2 /* DetailViewModel.swift */,
			);
			path = Detail;
			sourceTree = "<group>";
		};
		49912C56282C25CE00079FD2 /* List */ = {
			isa = PBXGroup;
			children = (
				49912C59282C25FE00079FD2 /* ListViewController.swift */,
				49912C5B282C27B600079FD2 /* ListViewModel.swift */,
				49912C63282C2EFA00079FD2 /* ListViewCell.swift */,
			);
			path = List;
			sourceTree = "<group>";
		};
/* End PBXGroup section */

/* Begin PBXNativeTarget section */
		49912BF5282C062600079FD2 /* Numbers */ = {
			isa = PBXNativeTarget;
			buildConfigurationList = 49912C20282C062800079FD2 /* Build configuration list for PBXNativeTarget "Numbers" */;
			buildPhases = (
				49912BF2282C062600079FD2 /* Sources */,
				49912BF3282C062600079FD2 /* Frameworks */,
				49912BF4282C062600079FD2 /* Resources */,
			);
			buildRules = (
			);
			dependencies = (
			);
			name = Numbers;
			productName = Numbers;
			productReference = 49912BF6282C062600079FD2 /* Numbers.app */;
			productType = "com.apple.product-type.application";
		};
		49912C0B282C062800079FD2 /* NumbersTests */ = {
			isa = PBXNativeTarget;
			buildConfigurationList = 49912C23282C062800079FD2 /* Build configuration list for PBXNativeTarget "NumbersTests" */;
			buildPhases = (
				49912C08282C062800079FD2 /* Sources */,
				49912C09282C062800079FD2 /* Frameworks */,
				49912C0A282C062800079FD2 /* Resources */,
			);
			buildRules = (
			);
			dependencies = (
				49912C0E282C062800079FD2 /* PBXTargetDependency */,
			);
			name = NumbersTests;
			productName = NumbersTests;
			productReference = 49912C0C282C062800079FD2 /* NumbersTests.xctest */;
			productType = "com.apple.product-type.bundle.unit-test";
		};
		49912C15282C062800079FD2 /* NumbersUITests */ = {
			isa = PBXNativeTarget;
			buildConfigurationList = 49912C26282C062800079FD2 /* Build configuration list for PBXNativeTarget "NumbersUITests" */;
			buildPhases = (
				49912C12282C062800079FD2 /* Sources */,
				49912C13282C062800079FD2 /* Frameworks */,
				49912C14282C062800079FD2 /* Resources */,
			);
			buildRules = (
			);
			dependencies = (
				49912C18282C062800079FD2 /* PBXTargetDependency */,
			);
			name = NumbersUITests;
			productName = NumbersUITests;
			productReference = 49912C16282C062800079FD2 /* NumbersUITests.xctest */;
			productType = "com.apple.product-type.bundle.ui-testing";
		};
/* End PBXNativeTarget section */

/* Begin PBXProject section */
		49912BEE282C062600079FD2 /* Project object */ = {
			isa = PBXProject;
			attributes = {
				BuildIndependentTargetsInParallel = 1;
				LastSwiftUpdateCheck = 1310;
				LastUpgradeCheck = 1310;
				TargetAttributes = {
					49912BF5282C062600079FD2 = {
						CreatedOnToolsVersion = 13.1;
					};
					49912C0B282C062800079FD2 = {
						CreatedOnToolsVersion = 13.1;
						TestTargetID = 49912BF5282C062600079FD2;
					};
					49912C15282C062800079FD2 = {
						CreatedOnToolsVersion = 13.1;
						TestTargetID = 49912BF5282C062600079FD2;
					};
				};
			};
			buildConfigurationList = 49912BF1282C062600079FD2 /* Build configuration list for PBXProject "Numbers" */;
			compatibilityVersion = "Xcode 13.0";
			developmentRegion = en;
			hasScannedForEncodings = 0;
			knownRegions = (
				en,
				Base,
			);
			mainGroup = 49912BED282C062600079FD2;
			productRefGroup = 49912BF7282C062600079FD2 /* Products */;
			projectDirPath = "";
			projectRoot = "";
			targets = (
				49912BF5282C062600079FD2 /* Numbers */,
				49912C0B282C062800079FD2 /* NumbersTests */,
				49912C15282C062800079FD2 /* NumbersUITests */,
			);
		};
/* End PBXProject section */

/* Begin PBXResourcesBuildPhase section */
		49912BF4282C062600079FD2 /* Resources */ = {
			isa = PBXResourcesBuildPhase;
			buildActionMask = 2147483647;
			files = (
				49912C06282C062800079FD2 /* LaunchScreen.storyboard in Resources */,
				49912C03282C062800079FD2 /* Assets.xcassets in Resources */,
			);
			runOnlyForDeploymentPostprocessing = 0;
		};
		49912C0A282C062800079FD2 /* Resources */ = {
			isa = PBXResourcesBuildPhase;
			buildActionMask = 2147483647;
			files = (
			);
			runOnlyForDeploymentPostprocessing = 0;
		};
		49912C14282C062800079FD2 /* Resources */ = {
			isa = PBXResourcesBuildPhase;
			buildActionMask = 2147483647;
			files = (
			);
			runOnlyForDeploymentPostprocessing = 0;
		};
/* End PBXResourcesBuildPhase section */

/* Begin PBXSourcesBuildPhase section */
		49912BF2282C062600079FD2 /* Sources */ = {
			isa = PBXSourcesBuildPhase;
			buildActionMask = 2147483647;
			files = (
				49912C3A282C0DAD00079FD2 /* NumbersClientError.swift in Sources */,
				49912C3E282C0DDA00079FD2 /* NumbersClientMock.swift in Sources */,
				49DDF155282DB23D00686B08 /* Reachability.swift in Sources */,
				49912C66282C312600079FD2 /* Box.swift in Sources */,
				49912BFE282C062600079FD2 /* MainViewController.swift in Sources */,
				49912C5A282C25FE00079FD2 /* ListViewController.swift in Sources */,
				49912C64282C2EFA00079FD2 /* ListViewCell.swift in Sources */,
				49912C34282C0C3000079FD2 /* NumbersClient.swift in Sources */,
				49912C5E282C2C4800079FD2 /* ViewController.swift in Sources */,
				49912C36282C0CF800079FD2 /* NumberItem.swift in Sources */,
				49912C38282C0D0B00079FD2 /* NumberDetail.swift in Sources */,
				49912BFA282C062600079FD2 /* AppDelegate.swift in Sources */,
				49912CA4282D7BD800079FD2 /* SceneDelegate.swift in Sources */,
				49912C3C282C0DCA00079FD2 /* NumbersClientLive.swift in Sources */,
				49912C2F282C09D300079FD2 /* AppContainer.swift in Sources */,
				49912C40282C0ECD00079FD2 /* NumbersClientConfig.swift in Sources */,
				49912C5C282C27B600079FD2 /* ListViewModel.swift in Sources */,
				49912C4C282C204D00079FD2 /* DetailViewController.swift in Sources */,
				49912C4E282C205D00079FD2 /* DetailViewModel.swift in Sources */,
			);
			runOnlyForDeploymentPostprocessing = 0;
		};
		49912C08282C062800079FD2 /* Sources */ = {
			isa = PBXSourcesBuildPhase;
			buildActionMask = 2147483647;
			files = (
				49912C11282C062800079FD2 /* ListViewModelTests.swift in Sources */,
			);
			runOnlyForDeploymentPostprocessing = 0;
		};
		49912C12282C062800079FD2 /* Sources */ = {
			isa = PBXSourcesBuildPhase;
			buildActionMask = 2147483647;
			files = (
				49912C1B282C062800079FD2 /* NumbersUITests.swift in Sources */,
				49912C1D282C062800079FD2 /* NumbersUITestsLaunchTests.swift in Sources */,
			);
			runOnlyForDeploymentPostprocessing = 0;
		};
/* End PBXSourcesBuildPhase section */

/* Begin PBXTargetDependency section */
		49912C0E282C062800079FD2 /* PBXTargetDependency */ = {
			isa = PBXTargetDependency;
			target = 49912BF5282C062600079FD2 /* Numbers */;
			targetProxy = 49912C0D282C062800079FD2 /* PBXContainerItemProxy */;
		};
		49912C18282C062800079FD2 /* PBXTargetDependency */ = {
			isa = PBXTargetDependency;
			target = 49912BF5282C062600079FD2 /* Numbers */;
			targetProxy = 49912C17282C062800079FD2 /* PBXContainerItemProxy */;
		};
/* End PBXTargetDependency section */

/* Begin PBXVariantGroup section */
		49912C04282C062800079FD2 /* LaunchScreen.storyboard */ = {
			isa = PBXVariantGroup;
			children = (
				49912C05282C062800079FD2 /* Base */,
			);
			name = LaunchScreen.storyboard;
			sourceTree = "<group>";
		};
/* End PBXVariantGroup section */

/* Begin XCBuildConfiguration section */
		49912C1E282C062800079FD2 /* Debug */ = {
			isa = XCBuildConfiguration;
			buildSettings = {
				ALWAYS_SEARCH_USER_PATHS = NO;
				CLANG_ANALYZER_NONNULL = YES;
				CLANG_ANALYZER_NUMBER_OBJECT_CONVERSION = YES_AGGRESSIVE;
				CLANG_CXX_LANGUAGE_STANDARD = "gnu++17";
				CLANG_CXX_LIBRARY = "libc++";
				CLANG_ENABLE_MODULES = YES;
				CLANG_ENABLE_OBJC_ARC = YES;
				CLANG_ENABLE_OBJC_WEAK = YES;
				CLANG_WARN_BLOCK_CAPTURE_AUTORELEASING = YES;
				CLANG_WARN_BOOL_CONVERSION = YES;
				CLANG_WARN_COMMA = YES;
				CLANG_WARN_CONSTANT_CONVERSION = YES;
				CLANG_WARN_DEPRECATED_OBJC_IMPLEMENTATIONS = YES;
				CLANG_WARN_DIRECT_OBJC_ISA_USAGE = YES_ERROR;
				CLANG_WARN_DOCUMENTATION_COMMENTS = YES;
				CLANG_WARN_EMPTY_BODY = YES;
				CLANG_WARN_ENUM_CONVERSION = YES;
				CLANG_WARN_INFINITE_RECURSION = YES;
				CLANG_WARN_INT_CONVERSION = YES;
				CLANG_WARN_NON_LITERAL_NULL_CONVERSION = YES;
				CLANG_WARN_OBJC_IMPLICIT_RETAIN_SELF = YES;
				CLANG_WARN_OBJC_LITERAL_CONVERSION = YES;
				CLANG_WARN_OBJC_ROOT_CLASS = YES_ERROR;
				CLANG_WARN_QUOTED_INCLUDE_IN_FRAMEWORK_HEADER = YES;
				CLANG_WARN_RANGE_LOOP_ANALYSIS = YES;
				CLANG_WARN_STRICT_PROTOTYPES = YES;
				CLANG_WARN_SUSPICIOUS_MOVE = YES;
				CLANG_WARN_UNGUARDED_AVAILABILITY = YES_AGGRESSIVE;
				CLANG_WARN_UNREACHABLE_CODE = YES;
				CLANG_WARN__DUPLICATE_METHOD_MATCH = YES;
				COPY_PHASE_STRIP = NO;
				DEBUG_INFORMATION_FORMAT = dwarf;
				ENABLE_STRICT_OBJC_MSGSEND = YES;
				ENABLE_TESTABILITY = YES;
				GCC_C_LANGUAGE_STANDARD = gnu11;
				GCC_DYNAMIC_NO_PIC = NO;
				GCC_NO_COMMON_BLOCKS = YES;
				GCC_OPTIMIZATION_LEVEL = 0;
				GCC_PREPROCESSOR_DEFINITIONS = (
					"DEBUG=1",
					"$(inherited)",
				);
				GCC_WARN_64_TO_32_BIT_CONVERSION = YES;
				GCC_WARN_ABOUT_RETURN_TYPE = YES_ERROR;
				GCC_WARN_UNDECLARED_SELECTOR = YES;
				GCC_WARN_UNINITIALIZED_AUTOS = YES_AGGRESSIVE;
				GCC_WARN_UNUSED_FUNCTION = YES;
				GCC_WARN_UNUSED_VARIABLE = YES;
				IPHONEOS_DEPLOYMENT_TARGET = 15.0;
				MTL_ENABLE_DEBUG_INFO = INCLUDE_SOURCE;
				MTL_FAST_MATH = YES;
				ONLY_ACTIVE_ARCH = YES;
				SDKROOT = iphoneos;
				SWIFT_ACTIVE_COMPILATION_CONDITIONS = DEBUG;
				SWIFT_OPTIMIZATION_LEVEL = "-Onone";
			};
			name = Debug;
		};
		49912C1F282C062800079FD2 /* Release */ = {
			isa = XCBuildConfiguration;
			buildSettings = {
				ALWAYS_SEARCH_USER_PATHS = NO;
				CLANG_ANALYZER_NONNULL = YES;
				CLANG_ANALYZER_NUMBER_OBJECT_CONVERSION = YES_AGGRESSIVE;
				CLANG_CXX_LANGUAGE_STANDARD = "gnu++17";
				CLANG_CXX_LIBRARY = "libc++";
				CLANG_ENABLE_MODULES = YES;
				CLANG_ENABLE_OBJC_ARC = YES;
				CLANG_ENABLE_OBJC_WEAK = YES;
				CLANG_WARN_BLOCK_CAPTURE_AUTORELEASING = YES;
				CLANG_WARN_BOOL_CONVERSION = YES;
				CLANG_WARN_COMMA = YES;
				CLANG_WARN_CONSTANT_CONVERSION = YES;
				CLANG_WARN_DEPRECATED_OBJC_IMPLEMENTATIONS = YES;
				CLANG_WARN_DIRECT_OBJC_ISA_USAGE = YES_ERROR;
				CLANG_WARN_DOCUMENTATION_COMMENTS = YES;
				CLANG_WARN_EMPTY_BODY = YES;
				CLANG_WARN_ENUM_CONVERSION = YES;
				CLANG_WARN_INFINITE_RECURSION = YES;
				CLANG_WARN_INT_CONVERSION = YES;
				CLANG_WARN_NON_LITERAL_NULL_CONVERSION = YES;
				CLANG_WARN_OBJC_IMPLICIT_RETAIN_SELF = YES;
				CLANG_WARN_OBJC_LITERAL_CONVERSION = YES;
				CLANG_WARN_OBJC_ROOT_CLASS = YES_ERROR;
				CLANG_WARN_QUOTED_INCLUDE_IN_FRAMEWORK_HEADER = YES;
				CLANG_WARN_RANGE_LOOP_ANALYSIS = YES;
				CLANG_WARN_STRICT_PROTOTYPES = YES;
				CLANG_WARN_SUSPICIOUS_MOVE = YES;
				CLANG_WARN_UNGUARDED_AVAILABILITY = YES_AGGRESSIVE;
				CLANG_WARN_UNREACHABLE_CODE = YES;
				CLANG_WARN__DUPLICATE_METHOD_MATCH = YES;
				COPY_PHASE_STRIP = NO;
				DEBUG_INFORMATION_FORMAT = "dwarf-with-dsym";
				ENABLE_NS_ASSERTIONS = NO;
				ENABLE_STRICT_OBJC_MSGSEND = YES;
				GCC_C_LANGUAGE_STANDARD = gnu11;
				GCC_NO_COMMON_BLOCKS = YES;
				GCC_WARN_64_TO_32_BIT_CONVERSION = YES;
				GCC_WARN_ABOUT_RETURN_TYPE = YES_ERROR;
				GCC_WARN_UNDECLARED_SELECTOR = YES;
				GCC_WARN_UNINITIALIZED_AUTOS = YES_AGGRESSIVE;
				GCC_WARN_UNUSED_FUNCTION = YES;
				GCC_WARN_UNUSED_VARIABLE = YES;
				IPHONEOS_DEPLOYMENT_TARGET = 15.0;
				MTL_ENABLE_DEBUG_INFO = NO;
				MTL_FAST_MATH = YES;
				SDKROOT = iphoneos;
				SWIFT_COMPILATION_MODE = wholemodule;
				SWIFT_OPTIMIZATION_LEVEL = "-O";
				VALIDATE_PRODUCT = YES;
			};
			name = Release;
		};
		49912C21282C062800079FD2 /* Debug */ = {
			isa = XCBuildConfiguration;
			buildSettings = {
				ASSETCATALOG_COMPILER_APPICON_NAME = AppIcon;
				ASSETCATALOG_COMPILER_GLOBAL_ACCENT_COLOR_NAME = AccentColor;
				CODE_SIGN_STYLE = Automatic;
				CURRENT_PROJECT_VERSION = 1;
				GENERATE_INFOPLIST_FILE = YES;
				INFOPLIST_FILE = Numbers/Info.plist;
				INFOPLIST_KEY_UIApplicationSupportsIndirectInputEvents = YES;
				INFOPLIST_KEY_UILaunchStoryboardName = LaunchScreen;
				INFOPLIST_KEY_UISupportedInterfaceOrientations_iPad = "UIInterfaceOrientationPortrait UIInterfaceOrientationPortraitUpsideDown UIInterfaceOrientationLandscapeLeft UIInterfaceOrientationLandscapeRight";
				INFOPLIST_KEY_UISupportedInterfaceOrientations_iPhone = "UIInterfaceOrientationPortrait UIInterfaceOrientationLandscapeLeft UIInterfaceOrientationLandscapeRight";
				IPHONEOS_DEPLOYMENT_TARGET = 14.0;
				LD_RUNPATH_SEARCH_PATHS = (
					"$(inherited)",
					"@executable_path/Frameworks",
				);
				MARKETING_VERSION = 1.0;
				PRODUCT_BUNDLE_IDENTIFIER = com.andrewmclean.tdh.Numbers;
				PRODUCT_NAME = "$(TARGET_NAME)";
				SWIFT_EMIT_LOC_STRINGS = YES;
				SWIFT_VERSION = 5.0;
				TARGETED_DEVICE_FAMILY = "1,2";
			};
			name = Debug;
		};
		49912C22282C062800079FD2 /* Release */ = {
			isa = XCBuildConfiguration;
			buildSettings = {
				ASSETCATALOG_COMPILER_APPICON_NAME = AppIcon;
				ASSETCATALOG_COMPILER_GLOBAL_ACCENT_COLOR_NAME = AccentColor;
				CODE_SIGN_STYLE = Automatic;
				CURRENT_PROJECT_VERSION = 1;
				GENERATE_INFOPLIST_FILE = YES;
				INFOPLIST_FILE = Numbers/Info.plist;
				INFOPLIST_KEY_UIApplicationSupportsIndirectInputEvents = YES;
				INFOPLIST_KEY_UILaunchStoryboardName = LaunchScreen;
				INFOPLIST_KEY_UISupportedInterfaceOrientations_iPad = "UIInterfaceOrientationPortrait UIInterfaceOrientationPortraitUpsideDown UIInterfaceOrientationLandscapeLeft UIInterfaceOrientationLandscapeRight";
				INFOPLIST_KEY_UISupportedInterfaceOrientations_iPhone = "UIInterfaceOrientationPortrait UIInterfaceOrientationLandscapeLeft UIInterfaceOrientationLandscapeRight";
				IPHONEOS_DEPLOYMENT_TARGET = 14.0;
				LD_RUNPATH_SEARCH_PATHS = (
					"$(inherited)",
					"@executable_path/Frameworks",
				);
				MARKETING_VERSION = 1.0;
				PRODUCT_BUNDLE_IDENTIFIER = com.andrewmclean.tdh.Numbers;
				PRODUCT_NAME = "$(TARGET_NAME)";
				SWIFT_EMIT_LOC_STRINGS = YES;
				SWIFT_VERSION = 5.0;
				TARGETED_DEVICE_FAMILY = "1,2";
			};
			name = Release;
		};
		49912C24282C062800079FD2 /* Debug */ = {
			isa = XCBuildConfiguration;
			buildSettings = {
				ALWAYS_EMBED_SWIFT_STANDARD_LIBRARIES = YES;
				BUNDLE_LOADER = "$(TEST_HOST)";
				CODE_SIGN_STYLE = Automatic;
				CURRENT_PROJECT_VERSION = 1;
				GENERATE_INFOPLIST_FILE = YES;
				IPHONEOS_DEPLOYMENT_TARGET = 15.0;
				LD_RUNPATH_SEARCH_PATHS = (
					"$(inherited)",
					"@executable_path/Frameworks",
					"@loader_path/Frameworks",
				);
				MARKETING_VERSION = 1.0;
				PRODUCT_BUNDLE_IDENTIFIER = com.andrewmclean.tdh.NumbersTests;
				PRODUCT_NAME = "$(TARGET_NAME)";
				SWIFT_EMIT_LOC_STRINGS = NO;
				SWIFT_VERSION = 5.0;
				TARGETED_DEVICE_FAMILY = "1,2";
				TEST_HOST = "$(BUILT_PRODUCTS_DIR)/Numbers.app/Numbers";
			};
			name = Debug;
		};
		49912C25282C062800079FD2 /* Release */ = {
			isa = XCBuildConfiguration;
			buildSettings = {
				ALWAYS_EMBED_SWIFT_STANDARD_LIBRARIES = YES;
				BUNDLE_LOADER = "$(TEST_HOST)";
				CODE_SIGN_STYLE = Automatic;
				CURRENT_PROJECT_VERSION = 1;
				GENERATE_INFOPLIST_FILE = YES;
				IPHONEOS_DEPLOYMENT_TARGET = 15.0;
				LD_RUNPATH_SEARCH_PATHS = (
					"$(inherited)",
					"@executable_path/Frameworks",
					"@loader_path/Frameworks",
				);
				MARKETING_VERSION = 1.0;
				PRODUCT_BUNDLE_IDENTIFIER = com.andrewmclean.tdh.NumbersTests;
				PRODUCT_NAME = "$(TARGET_NAME)";
				SWIFT_EMIT_LOC_STRINGS = NO;
				SWIFT_VERSION = 5.0;
				TARGETED_DEVICE_FAMILY = "1,2";
				TEST_HOST = "$(BUILT_PRODUCTS_DIR)/Numbers.app/Numbers";
			};
			name = Release;
		};
		49912C27282C062800079FD2 /* Debug */ = {
			isa = XCBuildConfiguration;
			buildSettings = {
				ALWAYS_EMBED_SWIFT_STANDARD_LIBRARIES = YES;
				CODE_SIGN_STYLE = Automatic;
				CURRENT_PROJECT_VERSION = 1;
				GENERATE_INFOPLIST_FILE = YES;
				LD_RUNPATH_SEARCH_PATHS = (
					"$(inherited)",
					"@executable_path/Frameworks",
					"@loader_path/Frameworks",
				);
				MARKETING_VERSION = 1.0;
				PRODUCT_BUNDLE_IDENTIFIER = com.andrewmclean.tdh.NumbersUITests;
				PRODUCT_NAME = "$(TARGET_NAME)";
				SWIFT_EMIT_LOC_STRINGS = NO;
				SWIFT_VERSION = 5.0;
				TARGETED_DEVICE_FAMILY = "1,2";
				TEST_TARGET_NAME = Numbers;
			};
			name = Debug;
		};
		49912C28282C062800079FD2 /* Release */ = {
			isa = XCBuildConfiguration;
			buildSettings = {
				ALWAYS_EMBED_SWIFT_STANDARD_LIBRARIES = YES;
				CODE_SIGN_STYLE = Automatic;
				CURRENT_PROJECT_VERSION = 1;
				GENERATE_INFOPLIST_FILE = YES;
				LD_RUNPATH_SEARCH_PATHS = (
					"$(inherited)",
					"@executable_path/Frameworks",
					"@loader_path/Frameworks",
				);
				MARKETING_VERSION = 1.0;
				PRODUCT_BUNDLE_IDENTIFIER = com.andrewmclean.tdh.NumbersUITests;
				PRODUCT_NAME = "$(TARGET_NAME)";
				SWIFT_EMIT_LOC_STRINGS = NO;
				SWIFT_VERSION = 5.0;
				TARGETED_DEVICE_FAMILY = "1,2";
				TEST_TARGET_NAME = Numbers;
			};
			name = Release;
		};
/* End XCBuildConfiguration section */

/* Begin XCConfigurationList section */
		49912BF1282C062600079FD2 /* Build configuration list for PBXProject "Numbers" */ = {
			isa = XCConfigurationList;
			buildConfigurations = (
				49912C1E282C062800079FD2 /* Debug */,
				49912C1F282C062800079FD2 /* Release */,
			);
			defaultConfigurationIsVisible = 0;
			defaultConfigurationName = Release;
		};
		49912C20282C062800079FD2 /* Build configuration list for PBXNativeTarget "Numbers" */ = {
			isa = XCConfigurationList;
			buildConfigurations = (
				49912C21282C062800079FD2 /* Debug */,
				49912C22282C062800079FD2 /* Release */,
			);
			defaultConfigurationIsVisible = 0;
			defaultConfigurationName = Release;
		};
		49912C23282C062800079FD2 /* Build configuration list for PBXNativeTarget "NumbersTests" */ = {
			isa = XCConfigurationList;
			buildConfigurations = (
				49912C24282C062800079FD2 /* Debug */,
				49912C25282C062800079FD2 /* Release */,
			);
			defaultConfigurationIsVisible = 0;
			defaultConfigurationName = Release;
		};
		49912C26282C062800079FD2 /* Build configuration list for PBXNativeTarget "NumbersUITests" */ = {
			isa = XCConfigurationList;
			buildConfigurations = (
				49912C27282C062800079FD2 /* Debug */,
				49912C28282C062800079FD2 /* Release */,
			);
			defaultConfigurationIsVisible = 0;
			defaultConfigurationName = Release;
		};
/* End XCConfigurationList section */
	};
	rootObject = 49912BEE282C062600079FD2 /* Project object */;
}
